// !$*UTF8*$!
{
	archiveVersion = 1;
	classes = {
	};
	objectVersion = 55;
	objects = {

/* Begin PBXBuildFile section */
		F74D3F9E28AD4DB300C69B34 /* CalculateCall.swift in Sources */ = {isa = PBXBuildFile; fileRef = F74D3F9D28AD4DB300C69B34 /* CalculateCall.swift */; };
		F74D3F9F28AD4DB300C69B34 /* CalculateCall.swift in Sources */ = {isa = PBXBuildFile; fileRef = F74D3F9D28AD4DB300C69B34 /* CalculateCall.swift */; };
		F74D3FA128AD4DE200C69B34 /* CalculateModel.swift in Sources */ = {isa = PBXBuildFile; fileRef = F74D3FA028AD4DE200C69B34 /* CalculateModel.swift */; };
		F74D3FA228AD4DE200C69B34 /* CalculateModel.swift in Sources */ = {isa = PBXBuildFile; fileRef = F74D3FA028AD4DE200C69B34 /* CalculateModel.swift */; };
		F74D3FA428AD4E5500C69B34 /* CalculateViewModel.swift in Sources */ = {isa = PBXBuildFile; fileRef = F74D3FA328AD4E5500C69B34 /* CalculateViewModel.swift */; };
		F74D3FA528AD4E5500C69B34 /* CalculateViewModel.swift in Sources */ = {isa = PBXBuildFile; fileRef = F74D3FA328AD4E5500C69B34 /* CalculateViewModel.swift */; };
		F755EB1728B03D3A00E1BA5E /* WeatherDataModel.swift in Sources */ = {isa = PBXBuildFile; fileRef = F755EB1628B03D3A00E1BA5E /* WeatherDataModel.swift */; };
		F755EB1828B03D3A00E1BA5E /* WeatherDataModel.swift in Sources */ = {isa = PBXBuildFile; fileRef = F755EB1628B03D3A00E1BA5E /* WeatherDataModel.swift */; };
		F772AFD228B2D5AF00081E39 /* DeviceLocationService.swift in Sources */ = {isa = PBXBuildFile; fileRef = F772AFD128B2D5AF00081E39 /* DeviceLocationService.swift */; };
		F772AFD328B2D5AF00081E39 /* DeviceLocationService.swift in Sources */ = {isa = PBXBuildFile; fileRef = F772AFD128B2D5AF00081E39 /* DeviceLocationService.swift */; };
		F78C158828789E540047E166 /* Tests_iOS.swift in Sources */ = {isa = PBXBuildFile; fileRef = F78C158728789E540047E166 /* Tests_iOS.swift */; };
		F78C158A28789E540047E166 /* Tests_iOSLaunchTests.swift in Sources */ = {isa = PBXBuildFile; fileRef = F78C158928789E540047E166 /* Tests_iOSLaunchTests.swift */; };
		F78C159428789E540047E166 /* Tests_macOS.swift in Sources */ = {isa = PBXBuildFile; fileRef = F78C159328789E540047E166 /* Tests_macOS.swift */; };
		F78C159628789E540047E166 /* Tests_macOSLaunchTests.swift in Sources */ = {isa = PBXBuildFile; fileRef = F78C159528789E540047E166 /* Tests_macOSLaunchTests.swift */; };
		F78C159728789E540047E166 /* ClosingTimeApp.swift in Sources */ = {isa = PBXBuildFile; fileRef = F78C156F28789E540047E166 /* ClosingTimeApp.swift */; };
		F78C159828789E540047E166 /* ClosingTimeApp.swift in Sources */ = {isa = PBXBuildFile; fileRef = F78C156F28789E540047E166 /* ClosingTimeApp.swift */; };
		F78C159928789E540047E166 /* ContentView.swift in Sources */ = {isa = PBXBuildFile; fileRef = F78C157028789E540047E166 /* ContentView.swift */; };
		F78C159A28789E540047E166 /* ContentView.swift in Sources */ = {isa = PBXBuildFile; fileRef = F78C157028789E540047E166 /* ContentView.swift */; };
		F78C159B28789E540047E166 /* Assets.xcassets in Resources */ = {isa = PBXBuildFile; fileRef = F78C157128789E540047E166 /* Assets.xcassets */; };
		F78C159C28789E540047E166 /* Assets.xcassets in Resources */ = {isa = PBXBuildFile; fileRef = F78C157128789E540047E166 /* Assets.xcassets */; };
/* End PBXBuildFile section */

/* Begin PBXContainerItemProxy section */
		F78C158428789E540047E166 /* PBXContainerItemProxy */ = {
			isa = PBXContainerItemProxy;
			containerPortal = F78C156A28789E540047E166 /* Project object */;
			proxyType = 1;
			remoteGlobalIDString = F78C157528789E540047E166;
			remoteInfo = "ClosingTime (iOS)";
		};
		F78C159028789E540047E166 /* PBXContainerItemProxy */ = {
			isa = PBXContainerItemProxy;
			containerPortal = F78C156A28789E540047E166 /* Project object */;
			proxyType = 1;
			remoteGlobalIDString = F78C157B28789E540047E166;
			remoteInfo = "ClosingTime (macOS)";
		};
/* End PBXContainerItemProxy section */

/* Begin PBXFileReference section */
		F74D3F9D28AD4DB300C69B34 /* CalculateCall.swift */ = {isa = PBXFileReference; lastKnownFileType = sourcecode.swift; path = CalculateCall.swift; sourceTree = "<group>"; };
		F74D3FA028AD4DE200C69B34 /* CalculateModel.swift */ = {isa = PBXFileReference; lastKnownFileType = sourcecode.swift; path = CalculateModel.swift; sourceTree = "<group>"; };
		F74D3FA328AD4E5500C69B34 /* CalculateViewModel.swift */ = {isa = PBXFileReference; lastKnownFileType = sourcecode.swift; path = CalculateViewModel.swift; sourceTree = "<group>"; };
		F755EB1628B03D3A00E1BA5E /* WeatherDataModel.swift */ = {isa = PBXFileReference; lastKnownFileType = sourcecode.swift; path = WeatherDataModel.swift; sourceTree = "<group>"; };
		F772AFD128B2D5AF00081E39 /* DeviceLocationService.swift */ = {isa = PBXFileReference; lastKnownFileType = sourcecode.swift; path = DeviceLocationService.swift; sourceTree = "<group>"; };
		F78C156F28789E540047E166 /* ClosingTimeApp.swift */ = {isa = PBXFileReference; lastKnownFileType = sourcecode.swift; path = ClosingTimeApp.swift; sourceTree = "<group>"; };
		F78C157028789E540047E166 /* ContentView.swift */ = {isa = PBXFileReference; lastKnownFileType = sourcecode.swift; path = ContentView.swift; sourceTree = "<group>"; };
		F78C157128789E540047E166 /* Assets.xcassets */ = {isa = PBXFileReference; lastKnownFileType = folder.assetcatalog; path = Assets.xcassets; sourceTree = "<group>"; };
		F78C157628789E540047E166 /* ClosingTime.app */ = {isa = PBXFileReference; explicitFileType = wrapper.application; includeInIndex = 0; path = ClosingTime.app; sourceTree = BUILT_PRODUCTS_DIR; };
		F78C157C28789E540047E166 /* ClosingTime.app */ = {isa = PBXFileReference; explicitFileType = wrapper.application; includeInIndex = 0; path = ClosingTime.app; sourceTree = BUILT_PRODUCTS_DIR; };
		F78C157E28789E540047E166 /* macOS.entitlements */ = {isa = PBXFileReference; lastKnownFileType = text.plist.entitlements; path = macOS.entitlements; sourceTree = "<group>"; };
		F78C158328789E540047E166 /* Tests iOS.xctest */ = {isa = PBXFileReference; explicitFileType = wrapper.cfbundle; includeInIndex = 0; path = "Tests iOS.xctest"; sourceTree = BUILT_PRODUCTS_DIR; };
		F78C158728789E540047E166 /* Tests_iOS.swift */ = {isa = PBXFileReference; lastKnownFileType = sourcecode.swift; path = Tests_iOS.swift; sourceTree = "<group>"; };
		F78C158928789E540047E166 /* Tests_iOSLaunchTests.swift */ = {isa = PBXFileReference; lastKnownFileType = sourcecode.swift; path = Tests_iOSLaunchTests.swift; sourceTree = "<group>"; };
		F78C158F28789E540047E166 /* Tests macOS.xctest */ = {isa = PBXFileReference; explicitFileType = wrapper.cfbundle; includeInIndex = 0; path = "Tests macOS.xctest"; sourceTree = BUILT_PRODUCTS_DIR; };
		F78C159328789E540047E166 /* Tests_macOS.swift */ = {isa = PBXFileReference; lastKnownFileType = sourcecode.swift; path = Tests_macOS.swift; sourceTree = "<group>"; };
		F78C159528789E540047E166 /* Tests_macOSLaunchTests.swift */ = {isa = PBXFileReference; lastKnownFileType = sourcecode.swift; path = Tests_macOSLaunchTests.swift; sourceTree = "<group>"; };
		F7DC6B5C28B1B368000A7362 /* ClosingTime--iOS--Info.plist */ = {isa = PBXFileReference; lastKnownFileType = text.plist; path = "ClosingTime--iOS--Info.plist"; sourceTree = "<group>"; };
/* End PBXFileReference section */

/* Begin PBXFrameworksBuildPhase section */
		F78C157328789E540047E166 /* Frameworks */ = {
			isa = PBXFrameworksBuildPhase;
			buildActionMask = 2147483647;
			files = (
			);
			runOnlyForDeploymentPostprocessing = 0;
		};
		F78C157928789E540047E166 /* Frameworks */ = {
			isa = PBXFrameworksBuildPhase;
			buildActionMask = 2147483647;
			files = (
			);
			runOnlyForDeploymentPostprocessing = 0;
		};
		F78C158028789E540047E166 /* Frameworks */ = {
			isa = PBXFrameworksBuildPhase;
			buildActionMask = 2147483647;
			files = (
			);
			runOnlyForDeploymentPostprocessing = 0;
		};
		F78C158C28789E540047E166 /* Frameworks */ = {
			isa = PBXFrameworksBuildPhase;
			buildActionMask = 2147483647;
			files = (
			);
			runOnlyForDeploymentPostprocessing = 0;
		};
/* End PBXFrameworksBuildPhase section */

/* Begin PBXGroup section */
		F78C156928789E540047E166 = {
			isa = PBXGroup;
			children = (
				F7DC6B5C28B1B368000A7362 /* ClosingTime--iOS--Info.plist */,
				F78C156E28789E540047E166 /* Shared */,
				F78C157D28789E540047E166 /* macOS */,
				F78C158628789E540047E166 /* Tests iOS */,
				F78C159228789E540047E166 /* Tests macOS */,
				F78C157728789E540047E166 /* Products */,
			);
			sourceTree = "<group>";
		};
		F78C156E28789E540047E166 /* Shared */ = {
			isa = PBXGroup;
			children = (
				F78C156F28789E540047E166 /* ClosingTimeApp.swift */,
				F78C157028789E540047E166 /* ContentView.swift */,
				F78C157128789E540047E166 /* Assets.xcassets */,
				F74D3F9D28AD4DB300C69B34 /* CalculateCall.swift */,
				F74D3FA028AD4DE200C69B34 /* CalculateModel.swift */,
				F74D3FA328AD4E5500C69B34 /* CalculateViewModel.swift */,
				F755EB1628B03D3A00E1BA5E /* WeatherDataModel.swift */,
				F772AFD128B2D5AF00081E39 /* DeviceLocationService.swift */,
			);
			path = Shared;
			sourceTree = "<group>";
		};
		F78C157728789E540047E166 /* Products */ = {
			isa = PBXGroup;
			children = (
				F78C157628789E540047E166 /* ClosingTime.app */,
				F78C157C28789E540047E166 /* ClosingTime.app */,
				F78C158328789E540047E166 /* Tests iOS.xctest */,
				F78C158F28789E540047E166 /* Tests macOS.xctest */,
			);
			name = Products;
			sourceTree = "<group>";
		};
		F78C157D28789E540047E166 /* macOS */ = {
			isa = PBXGroup;
			children = (
				F78C157E28789E540047E166 /* macOS.entitlements */,
			);
			path = macOS;
			sourceTree = "<group>";
		};
		F78C158628789E540047E166 /* Tests iOS */ = {
			isa = PBXGroup;
			children = (
				F78C158728789E540047E166 /* Tests_iOS.swift */,
				F78C158928789E540047E166 /* Tests_iOSLaunchTests.swift */,
			);
			path = "Tests iOS";
			sourceTree = "<group>";
		};
		F78C159228789E540047E166 /* Tests macOS */ = {
			isa = PBXGroup;
			children = (
				F78C159328789E540047E166 /* Tests_macOS.swift */,
				F78C159528789E540047E166 /* Tests_macOSLaunchTests.swift */,
			);
			path = "Tests macOS";
			sourceTree = "<group>";
		};
/* End PBXGroup section */

/* Begin PBXNativeTarget section */
		F78C157528789E540047E166 /* ClosingTime (iOS) */ = {
			isa = PBXNativeTarget;
			buildConfigurationList = F78C159F28789E540047E166 /* Build configuration list for PBXNativeTarget "ClosingTime (iOS)" */;
			buildPhases = (
				F78C157228789E540047E166 /* Sources */,
				F78C157328789E540047E166 /* Frameworks */,
				F78C157428789E540047E166 /* Resources */,
			);
			buildRules = (
			);
			dependencies = (
			);
			name = "ClosingTime (iOS)";
			productName = "ClosingTime (iOS)";
			productReference = F78C157628789E540047E166 /* ClosingTime.app */;
			productType = "com.apple.product-type.application";
		};
		F78C157B28789E540047E166 /* ClosingTime (macOS) */ = {
			isa = PBXNativeTarget;
			buildConfigurationList = F78C15A228789E540047E166 /* Build configuration list for PBXNativeTarget "ClosingTime (macOS)" */;
			buildPhases = (
				F78C157828789E540047E166 /* Sources */,
				F78C157928789E540047E166 /* Frameworks */,
				F78C157A28789E540047E166 /* Resources */,
			);
			buildRules = (
			);
			dependencies = (
			);
			name = "ClosingTime (macOS)";
			productName = "ClosingTime (macOS)";
			productReference = F78C157C28789E540047E166 /* ClosingTime.app */;
			productType = "com.apple.product-type.application";
		};
		F78C158228789E540047E166 /* Tests iOS */ = {
			isa = PBXNativeTarget;
			buildConfigurationList = F78C15A528789E540047E166 /* Build configuration list for PBXNativeTarget "Tests iOS" */;
			buildPhases = (
				F78C157F28789E540047E166 /* Sources */,
				F78C158028789E540047E166 /* Frameworks */,
				F78C158128789E540047E166 /* Resources */,
			);
			buildRules = (
			);
			dependencies = (
				F78C158528789E540047E166 /* PBXTargetDependency */,
			);
			name = "Tests iOS";
			productName = "Tests iOS";
			productReference = F78C158328789E540047E166 /* Tests iOS.xctest */;
			productType = "com.apple.product-type.bundle.ui-testing";
		};
		F78C158E28789E540047E166 /* Tests macOS */ = {
			isa = PBXNativeTarget;
			buildConfigurationList = F78C15A828789E540047E166 /* Build configuration list for PBXNativeTarget "Tests macOS" */;
			buildPhases = (
				F78C158B28789E540047E166 /* Sources */,
				F78C158C28789E540047E166 /* Frameworks */,
				F78C158D28789E540047E166 /* Resources */,
			);
			buildRules = (
			);
			dependencies = (
				F78C159128789E540047E166 /* PBXTargetDependency */,
			);
			name = "Tests macOS";
			productName = "Tests macOS";
			productReference = F78C158F28789E540047E166 /* Tests macOS.xctest */;
			productType = "com.apple.product-type.bundle.ui-testing";
		};
/* End PBXNativeTarget section */

/* Begin PBXProject section */
		F78C156A28789E540047E166 /* Project object */ = {
			isa = PBXProject;
			attributes = {
				BuildIndependentTargetsInParallel = 1;
				LastSwiftUpdateCheck = 1340;
				LastUpgradeCheck = 1340;
				TargetAttributes = {
					F78C157528789E540047E166 = {
						CreatedOnToolsVersion = 13.4.1;
					};
					F78C157B28789E540047E166 = {
						CreatedOnToolsVersion = 13.4.1;
					};
					F78C158228789E540047E166 = {
						CreatedOnToolsVersion = 13.4.1;
						TestTargetID = F78C157528789E540047E166;
					};
					F78C158E28789E540047E166 = {
						CreatedOnToolsVersion = 13.4.1;
						TestTargetID = F78C157B28789E540047E166;
					};
				};
			};
			buildConfigurationList = F78C156D28789E540047E166 /* Build configuration list for PBXProject "ClosingTime" */;
			compatibilityVersion = "Xcode 13.0";
			developmentRegion = en;
			hasScannedForEncodings = 0;
			knownRegions = (
				en,
				Base,
			);
			mainGroup = F78C156928789E540047E166;
			productRefGroup = F78C157728789E540047E166 /* Products */;
			projectDirPath = "";
			projectRoot = "";
			targets = (
				F78C157528789E540047E166 /* ClosingTime (iOS) */,
				F78C157B28789E540047E166 /* ClosingTime (macOS) */,
				F78C158228789E540047E166 /* Tests iOS */,
				F78C158E28789E540047E166 /* Tests macOS */,
			);
		};
/* End PBXProject section */

/* Begin PBXResourcesBuildPhase section */
		F78C157428789E540047E166 /* Resources */ = {
			isa = PBXResourcesBuildPhase;
			buildActionMask = 2147483647;
			files = (
				F78C159B28789E540047E166 /* Assets.xcassets in Resources */,
			);
			runOnlyForDeploymentPostprocessing = 0;
		};
		F78C157A28789E540047E166 /* Resources */ = {
			isa = PBXResourcesBuildPhase;
			buildActionMask = 2147483647;
			files = (
				F78C159C28789E540047E166 /* Assets.xcassets in Resources */,
			);
			runOnlyForDeploymentPostprocessing = 0;
		};
		F78C158128789E540047E166 /* Resources */ = {
			isa = PBXResourcesBuildPhase;
			buildActionMask = 2147483647;
			files = (
			);
			runOnlyForDeploymentPostprocessing = 0;
		};
		F78C158D28789E540047E166 /* Resources */ = {
			isa = PBXResourcesBuildPhase;
			buildActionMask = 2147483647;
			files = (
			);
			runOnlyForDeploymentPostprocessing = 0;
		};
/* End PBXResourcesBuildPhase section */

/* Begin PBXSourcesBuildPhase section */
		F78C157228789E540047E166 /* Sources */ = {
			isa = PBXSourcesBuildPhase;
			buildActionMask = 2147483647;
			files = (
				F78C159928789E540047E166 /* ContentView.swift in Sources */,
				F78C159728789E540047E166 /* ClosingTimeApp.swift in Sources */,
				F755EB1728B03D3A00E1BA5E /* WeatherDataModel.swift in Sources */,
				F74D3FA428AD4E5500C69B34 /* CalculateViewModel.swift in Sources */,
				F772AFD228B2D5AF00081E39 /* DeviceLocationService.swift in Sources */,
				F74D3FA128AD4DE200C69B34 /* CalculateModel.swift in Sources */,
				F74D3F9E28AD4DB300C69B34 /* CalculateCall.swift in Sources */,
			);
			runOnlyForDeploymentPostprocessing = 0;
		};
		F78C157828789E540047E166 /* Sources */ = {
			isa = PBXSourcesBuildPhase;
			buildActionMask = 2147483647;
			files = (
				F78C159A28789E540047E166 /* ContentView.swift in Sources */,
				F78C159828789E540047E166 /* ClosingTimeApp.swift in Sources */,
				F755EB1828B03D3A00E1BA5E /* WeatherDataModel.swift in Sources */,
				F74D3FA528AD4E5500C69B34 /* CalculateViewModel.swift in Sources */,
				F772AFD328B2D5AF00081E39 /* DeviceLocationService.swift in Sources */,
				F74D3FA228AD4DE200C69B34 /* CalculateModel.swift in Sources */,
				F74D3F9F28AD4DB300C69B34 /* CalculateCall.swift in Sources */,
			);
			runOnlyForDeploymentPostprocessing = 0;
		};
		F78C157F28789E540047E166 /* Sources */ = {
			isa = PBXSourcesBuildPhase;
			buildActionMask = 2147483647;
			files = (
				F78C158A28789E540047E166 /* Tests_iOSLaunchTests.swift in Sources */,
				F78C158828789E540047E166 /* Tests_iOS.swift in Sources */,
			);
			runOnlyForDeploymentPostprocessing = 0;
		};
		F78C158B28789E540047E166 /* Sources */ = {
			isa = PBXSourcesBuildPhase;
			buildActionMask = 2147483647;
			files = (
				F78C159628789E540047E166 /* Tests_macOSLaunchTests.swift in Sources */,
				F78C159428789E540047E166 /* Tests_macOS.swift in Sources */,
			);
			runOnlyForDeploymentPostprocessing = 0;
		};
/* End PBXSourcesBuildPhase section */

/* Begin PBXTargetDependency section */
		F78C158528789E540047E166 /* PBXTargetDependency */ = {
			isa = PBXTargetDependency;
			target = F78C157528789E540047E166 /* ClosingTime (iOS) */;
			targetProxy = F78C158428789E540047E166 /* PBXContainerItemProxy */;
		};
		F78C159128789E540047E166 /* PBXTargetDependency */ = {
			isa = PBXTargetDependency;
			target = F78C157B28789E540047E166 /* ClosingTime (macOS) */;
			targetProxy = F78C159028789E540047E166 /* PBXContainerItemProxy */;
		};
/* End PBXTargetDependency section */

/* Begin XCBuildConfiguration section */
		F78C159D28789E540047E166 /* Debug */ = {
			isa = XCBuildConfiguration;
			buildSettings = {
				ALWAYS_SEARCH_USER_PATHS = NO;
				CLANG_ANALYZER_NONNULL = YES;
				CLANG_ANALYZER_NUMBER_OBJECT_CONVERSION = YES_AGGRESSIVE;
				CLANG_CXX_LANGUAGE_STANDARD = "gnu++17";
				CLANG_ENABLE_MODULES = YES;
				CLANG_ENABLE_OBJC_ARC = YES;
				CLANG_ENABLE_OBJC_WEAK = YES;
				CLANG_WARN_BLOCK_CAPTURE_AUTORELEASING = YES;
				CLANG_WARN_BOOL_CONVERSION = YES;
				CLANG_WARN_COMMA = YES;
				CLANG_WARN_CONSTANT_CONVERSION = YES;
				CLANG_WARN_DEPRECATED_OBJC_IMPLEMENTATIONS = YES;
				CLANG_WARN_DIRECT_OBJC_ISA_USAGE = YES_ERROR;
				CLANG_WARN_DOCUMENTATION_COMMENTS = YES;
				CLANG_WARN_EMPTY_BODY = YES;
				CLANG_WARN_ENUM_CONVERSION = YES;
				CLANG_WARN_INFINITE_RECURSION = YES;
				CLANG_WARN_INT_CONVERSION = YES;
				CLANG_WARN_NON_LITERAL_NULL_CONVERSION = YES;
				CLANG_WARN_OBJC_IMPLICIT_RETAIN_SELF = YES;
				CLANG_WARN_OBJC_LITERAL_CONVERSION = YES;
				CLANG_WARN_OBJC_ROOT_CLASS = YES_ERROR;
				CLANG_WARN_QUOTED_INCLUDE_IN_FRAMEWORK_HEADER = YES;
				CLANG_WARN_RANGE_LOOP_ANALYSIS = YES;
				CLANG_WARN_STRICT_PROTOTYPES = YES;
				CLANG_WARN_SUSPICIOUS_MOVE = YES;
				CLANG_WARN_UNGUARDED_AVAILABILITY = YES_AGGRESSIVE;
				CLANG_WARN_UNREACHABLE_CODE = YES;
				CLANG_WARN__DUPLICATE_METHOD_MATCH = YES;
				COPY_PHASE_STRIP = NO;
				DEBUG_INFORMATION_FORMAT = dwarf;
				ENABLE_STRICT_OBJC_MSGSEND = YES;
				ENABLE_TESTABILITY = YES;
				GCC_C_LANGUAGE_STANDARD = gnu11;
				GCC_DYNAMIC_NO_PIC = NO;
				GCC_NO_COMMON_BLOCKS = YES;
				GCC_OPTIMIZATION_LEVEL = 0;
				GCC_PREPROCESSOR_DEFINITIONS = (
					"DEBUG=1",
					"$(inherited)",
				);
				GCC_WARN_64_TO_32_BIT_CONVERSION = YES;
				GCC_WARN_ABOUT_RETURN_TYPE = YES_ERROR;
				GCC_WARN_UNDECLARED_SELECTOR = YES;
				GCC_WARN_UNINITIALIZED_AUTOS = YES_AGGRESSIVE;
				GCC_WARN_UNUSED_FUNCTION = YES;
				GCC_WARN_UNUSED_VARIABLE = YES;
				MTL_ENABLE_DEBUG_INFO = INCLUDE_SOURCE;
				MTL_FAST_MATH = YES;
				ONLY_ACTIVE_ARCH = YES;
				SWIFT_ACTIVE_COMPILATION_CONDITIONS = DEBUG;
				SWIFT_OPTIMIZATION_LEVEL = "-Onone";
			};
			name = Debug;
		};
		F78C159E28789E540047E166 /* Release */ = {
			isa = XCBuildConfiguration;
			buildSettings = {
				ALWAYS_SEARCH_USER_PATHS = NO;
				CLANG_ANALYZER_NONNULL = YES;
				CLANG_ANALYZER_NUMBER_OBJECT_CONVERSION = YES_AGGRESSIVE;
				CLANG_CXX_LANGUAGE_STANDARD = "gnu++17";
				CLANG_ENABLE_MODULES = YES;
				CLANG_ENABLE_OBJC_ARC = YES;
				CLANG_ENABLE_OBJC_WEAK = YES;
				CLANG_WARN_BLOCK_CAPTURE_AUTORELEASING = YES;
				CLANG_WARN_BOOL_CONVERSION = YES;
				CLANG_WARN_COMMA = YES;
				CLANG_WARN_CONSTANT_CONVERSION = YES;
				CLANG_WARN_DEPRECATED_OBJC_IMPLEMENTATIONS = YES;
				CLANG_WARN_DIRECT_OBJC_ISA_USAGE = YES_ERROR;
				CLANG_WARN_DOCUMENTATION_COMMENTS = YES;
				CLANG_WARN_EMPTY_BODY = YES;
				CLANG_WARN_ENUM_CONVERSION = YES;
				CLANG_WARN_INFINITE_RECURSION = YES;
				CLANG_WARN_INT_CONVERSION = YES;
				CLANG_WARN_NON_LITERAL_NULL_CONVERSION = YES;
				CLANG_WARN_OBJC_IMPLICIT_RETAIN_SELF = YES;
				CLANG_WARN_OBJC_LITERAL_CONVERSION = YES;
				CLANG_WARN_OBJC_ROOT_CLASS = YES_ERROR;
				CLANG_WARN_QUOTED_INCLUDE_IN_FRAMEWORK_HEADER = YES;
				CLANG_WARN_RANGE_LOOP_ANALYSIS = YES;
				CLANG_WARN_STRICT_PROTOTYPES = YES;
				CLANG_WARN_SUSPICIOUS_MOVE = YES;
				CLANG_WARN_UNGUARDED_AVAILABILITY = YES_AGGRESSIVE;
				CLANG_WARN_UNREACHABLE_CODE = YES;
				CLANG_WARN__DUPLICATE_METHOD_MATCH = YES;
				COPY_PHASE_STRIP = NO;
				DEBUG_INFORMATION_FORMAT = "dwarf-with-dsym";
				ENABLE_NS_ASSERTIONS = NO;
				ENABLE_STRICT_OBJC_MSGSEND = YES;
				GCC_C_LANGUAGE_STANDARD = gnu11;
				GCC_NO_COMMON_BLOCKS = YES;
				GCC_WARN_64_TO_32_BIT_CONVERSION = YES;
				GCC_WARN_ABOUT_RETURN_TYPE = YES_ERROR;
				GCC_WARN_UNDECLARED_SELECTOR = YES;
				GCC_WARN_UNINITIALIZED_AUTOS = YES_AGGRESSIVE;
				GCC_WARN_UNUSED_FUNCTION = YES;
				GCC_WARN_UNUSED_VARIABLE = YES;
				MTL_ENABLE_DEBUG_INFO = NO;
				MTL_FAST_MATH = YES;
				SWIFT_COMPILATION_MODE = wholemodule;
				SWIFT_OPTIMIZATION_LEVEL = "-O";
			};
			name = Release;
		};
		F78C15A028789E540047E166 /* Debug */ = {
			isa = XCBuildConfiguration;
			buildSettings = {
				ASSETCATALOG_COMPILER_APPICON_NAME = AppIcon;
				ASSETCATALOG_COMPILER_GLOBAL_ACCENT_COLOR_NAME = AccentColor;
				CODE_SIGN_STYLE = Automatic;
				CURRENT_PROJECT_VERSION = 1;
				DEVELOPMENT_TEAM = TL893ZWF55;
				ENABLE_PREVIEWS = YES;
				GENERATE_INFOPLIST_FILE = YES;
				INFOPLIST_FILE = "ClosingTime--iOS--Info.plist";
				INFOPLIST_KEY_NSLocationAlwaysAndWhenInUseUsageDescription = "Closing Time would like to use your location";
				INFOPLIST_KEY_NSLocationWhenInUseUsageDescription = "Closing Time would like to use your location";
				INFOPLIST_KEY_UIApplicationSceneManifest_Generation = YES;
				INFOPLIST_KEY_UIApplicationSupportsIndirectInputEvents = YES;
				INFOPLIST_KEY_UILaunchScreen_Generation = YES;
				INFOPLIST_KEY_UISupportedInterfaceOrientations_iPad = "UIInterfaceOrientationPortrait UIInterfaceOrientationPortraitUpsideDown UIInterfaceOrientationLandscapeLeft UIInterfaceOrientationLandscapeRight";
				INFOPLIST_KEY_UISupportedInterfaceOrientations_iPhone = "UIInterfaceOrientationPortrait UIInterfaceOrientationLandscapeLeft UIInterfaceOrientationLandscapeRight";
				IPHONEOS_DEPLOYMENT_TARGET = 15.5;
				LD_RUNPATH_SEARCH_PATHS = (
					"$(inherited)",
					"@executable_path/Frameworks",
				);
				MARKETING_VERSION = 1.0;
				PRODUCT_BUNDLE_IDENTIFIER = RikRoy.ClosingTime;
				PRODUCT_NAME = ClosingTime;
				SDKROOT = iphoneos;
				SWIFT_EMIT_LOC_STRINGS = YES;
				SWIFT_VERSION = 5.0;
				TARGETED_DEVICE_FAMILY = "1,2";
			};
			name = Debug;
		};
		F78C15A128789E540047E166 /* Release */ = {
			isa = XCBuildConfiguration;
			buildSettings = {
				ASSETCATALOG_COMPILER_APPICON_NAME = AppIcon;
				ASSETCATALOG_COMPILER_GLOBAL_ACCENT_COLOR_NAME = AccentColor;
				CODE_SIGN_STYLE = Automatic;
				CURRENT_PROJECT_VERSION = 1;
				DEVELOPMENT_TEAM = TL893ZWF55;
				ENABLE_PREVIEWS = YES;
				GENERATE_INFOPLIST_FILE = YES;
				INFOPLIST_FILE = "ClosingTime--iOS--Info.plist";
				INFOPLIST_KEY_NSLocationAlwaysAndWhenInUseUsageDescription = "Closing Time would like to use your location";
				INFOPLIST_KEY_NSLocationWhenInUseUsageDescription = "Closing Time would like to use your location";
				INFOPLIST_KEY_UIApplicationSceneManifest_Generation = YES;
				INFOPLIST_KEY_UIApplicationSupportsIndirectInputEvents = YES;
				INFOPLIST_KEY_UILaunchScreen_Generation = YES;
				INFOPLIST_KEY_UISupportedInterfaceOrientations_iPad = "UIInterfaceOrientationPortrait UIInterfaceOrientationPortraitUpsideDown UIInterfaceOrientationLandscapeLeft UIInterfaceOrientationLandscapeRight";
				INFOPLIST_KEY_UISupportedInterfaceOrientations_iPhone = "UIInterfaceOrientationPortrait UIInterfaceOrientationLandscapeLeft UIInterfaceOrientationLandscapeRight";
				IPHONEOS_DEPLOYMENT_TARGET = 15.5;
				LD_RUNPATH_SEARCH_PATHS = (
					"$(inherited)",
					"@executable_path/Frameworks",
				);
				MARKETING_VERSION = 1.0;
				PRODUCT_BUNDLE_IDENTIFIER = RikRoy.ClosingTime;
				PRODUCT_NAME = ClosingTime;
				SDKROOT = iphoneos;
				SWIFT_EMIT_LOC_STRINGS = YES;
				SWIFT_VERSION = 5.0;
				TARGETED_DEVICE_FAMILY = "1,2";
				VALIDATE_PRODUCT = YES;
			};
			name = Release;
		};
		F78C15A328789E540047E166 /* Debug */ = {
			isa = XCBuildConfiguration;
			buildSettings = {
				ASSETCATALOG_COMPILER_APPICON_NAME = AppIcon;
				ASSETCATALOG_COMPILER_GLOBAL_ACCENT_COLOR_NAME = AccentColor;
				CODE_SIGN_ENTITLEMENTS = macOS/macOS.entitlements;
				CODE_SIGN_STYLE = Automatic;
				COMBINE_HIDPI_IMAGES = YES;
				CURRENT_PROJECT_VERSION = 1;
				ENABLE_PREVIEWS = YES;
				GENERATE_INFOPLIST_FILE = YES;
				INFOPLIST_KEY_NSHumanReadableCopyright = "";
				LD_RUNPATH_SEARCH_PATHS = (
					"$(inherited)",
					"@executable_path/../Frameworks",
				);
				MACOSX_DEPLOYMENT_TARGET = 12.3;
				MARKETING_VERSION = 1.0;
				PRODUCT_BUNDLE_IDENTIFIER = RikRoy.ClosingTime;
				PRODUCT_NAME = ClosingTime;
				SDKROOT = macosx;
				SWIFT_EMIT_LOC_STRINGS = YES;
				SWIFT_VERSION = 5.0;
			};
			name = Debug;
		};
		F78C15A428789E540047E166 /* Release */ = {
			isa = XCBuildConfiguration;
			buildSettings = {
				ASSETCATALOG_COMPILER_APPICON_NAME = AppIcon;
				ASSETCATALOG_COMPILER_GLOBAL_ACCENT_COLOR_NAME = AccentColor;
				CODE_SIGN_ENTITLEMENTS = macOS/macOS.entitlements;
				CODE_SIGN_STYLE = Automatic;
				COMBINE_HIDPI_IMAGES = YES;
				CURRENT_PROJECT_VERSION = 1;
				ENABLE_PREVIEWS = YES;
				GENERATE_INFOPLIST_FILE = YES;
				INFOPLIST_KEY_NSHumanReadableCopyright = "";
				LD_RUNPATH_SEARCH_PATHS = (
					"$(inherited)",
					"@executable_path/../Frameworks",
				);
				MACOSX_DEPLOYMENT_TARGET = 12.3;
				MARKETING_VERSION = 1.0;
				PRODUCT_BUNDLE_IDENTIFIER = RikRoy.ClosingTime;
				PRODUCT_NAME = ClosingTime;
				SDKROOT = macosx;
				SWIFT_EMIT_LOC_STRINGS = YES;
				SWIFT_VERSION = 5.0;
			};
			name = Release;
		};
		F78C15A628789E540047E166 /* Debug */ = {
			isa = XCBuildConfiguration;
			buildSettings = {
				ALWAYS_EMBED_SWIFT_STANDARD_LIBRARIES = YES;
				CODE_SIGN_STYLE = Automatic;
				CURRENT_PROJECT_VERSION = 1;
				GENERATE_INFOPLIST_FILE = YES;
				IPHONEOS_DEPLOYMENT_TARGET = 15.5;
				MARKETING_VERSION = 1.0;
				PRODUCT_BUNDLE_IDENTIFIER = "RikRoy.Tests-iOS";
				PRODUCT_NAME = "$(TARGET_NAME)";
				SDKROOT = iphoneos;
				SWIFT_EMIT_LOC_STRINGS = NO;
				SWIFT_VERSION = 5.0;
				TARGETED_DEVICE_FAMILY = "1,2";
				TEST_TARGET_NAME = "ClosingTime (iOS)";
			};
			name = Debug;
		};
		F78C15A728789E540047E166 /* Release */ = {
			isa = XCBuildConfiguration;
			buildSettings = {
				ALWAYS_EMBED_SWIFT_STANDARD_LIBRARIES = YES;
				CODE_SIGN_STYLE = Automatic;
				CURRENT_PROJECT_VERSION = 1;
				GENERATE_INFOPLIST_FILE = YES;
				IPHONEOS_DEPLOYMENT_TARGET = 15.5;
				MARKETING_VERSION = 1.0;
				PRODUCT_BUNDLE_IDENTIFIER = "RikRoy.Tests-iOS";
				PRODUCT_NAME = "$(TARGET_NAME)";
				SDKROOT = iphoneos;
				SWIFT_EMIT_LOC_STRINGS = NO;
				SWIFT_VERSION = 5.0;
				TARGETED_DEVICE_FAMILY = "1,2";
				TEST_TARGET_NAME = "ClosingTime (iOS)";
				VALIDATE_PRODUCT = YES;
			};
			name = Release;
		};
		F78C15A928789E540047E166 /* Debug */ = {
			isa = XCBuildConfiguration;
			buildSettings = {
				ALWAYS_EMBED_SWIFT_STANDARD_LIBRARIES = YES;
				CODE_SIGN_STYLE = Automatic;
				CURRENT_PROJECT_VERSION = 1;
				GENERATE_INFOPLIST_FILE = YES;
				MACOSX_DEPLOYMENT_TARGET = 12.3;
				MARKETING_VERSION = 1.0;
				PRODUCT_BUNDLE_IDENTIFIER = "RikRoy.Tests-macOS";
				PRODUCT_NAME = "$(TARGET_NAME)";
				SDKROOT = macosx;
				SWIFT_EMIT_LOC_STRINGS = NO;
				SWIFT_VERSION = 5.0;
				TEST_TARGET_NAME = "ClosingTime (macOS)";
			};
			name = Debug;
		};
		F78C15AA28789E540047E166 /* Release */ = {
			isa = XCBuildConfiguration;
			buildSettings = {
				ALWAYS_EMBED_SWIFT_STANDARD_LIBRARIES = YES;
				CODE_SIGN_STYLE = Automatic;
				CURRENT_PROJECT_VERSION = 1;
				GENERATE_INFOPLIST_FILE = YES;
				MACOSX_DEPLOYMENT_TARGET = 12.3;
				MARKETING_VERSION = 1.0;
				PRODUCT_BUNDLE_IDENTIFIER = "RikRoy.Tests-macOS";
				PRODUCT_NAME = "$(TARGET_NAME)";
				SDKROOT = macosx;
				SWIFT_EMIT_LOC_STRINGS = NO;
				SWIFT_VERSION = 5.0;
				TEST_TARGET_NAME = "ClosingTime (macOS)";
			};
			name = Release;
		};
/* End XCBuildConfiguration section */

/* Begin XCConfigurationList section */
		F78C156D28789E540047E166 /* Build configuration list for PBXProject "ClosingTime" */ = {
			isa = XCConfigurationList;
			buildConfigurations = (
				F78C159D28789E540047E166 /* Debug */,
				F78C159E28789E540047E166 /* Release */,
			);
			defaultConfigurationIsVisible = 0;
			defaultConfigurationName = Release;
		};
		F78C159F28789E540047E166 /* Build configuration list for PBXNativeTarget "ClosingTime (iOS)" */ = {
			isa = XCConfigurationList;
			buildConfigurations = (
				F78C15A028789E540047E166 /* Debug */,
				F78C15A128789E540047E166 /* Release */,
			);
			defaultConfigurationIsVisible = 0;
			defaultConfigurationName = Release;
		};
		F78C15A228789E540047E166 /* Build configuration list for PBXNativeTarget "ClosingTime (macOS)" */ = {
			isa = XCConfigurationList;
			buildConfigurations = (
				F78C15A328789E540047E166 /* Debug */,
				F78C15A428789E540047E166 /* Release */,
			);
			defaultConfigurationIsVisible = 0;
			defaultConfigurationName = Release;
		};
		F78C15A528789E540047E166 /* Build configuration list for PBXNativeTarget "Tests iOS" */ = {
			isa = XCConfigurationList;
			buildConfigurations = (
				F78C15A628789E540047E166 /* Debug */,
				F78C15A728789E540047E166 /* Release */,
			);
			defaultConfigurationIsVisible = 0;
			defaultConfigurationName = Release;
		};
		F78C15A828789E540047E166 /* Build configuration list for PBXNativeTarget "Tests macOS" */ = {
			isa = XCConfigurationList;
			buildConfigurations = (
				F78C15A928789E540047E166 /* Debug */,
				F78C15AA28789E540047E166 /* Release */,
			);
			defaultConfigurationIsVisible = 0;
			defaultConfigurationName = Release;
		};
/* End XCConfigurationList section */
	};
	rootObject = F78C156A28789E540047E166 /* Project object */;
}
